
Microsoft Visual Studio Solution File, Format Version 12.00
# Visual Studio Version 17
VisualStudioVersion = 17.5.33516.290
MinimumVisualStudioVersion = 10.0.40219.1
Project("{8BC9CEB8-8B4A-11D0-8D11-00A0C91BC942}") = "iosFile", "iosFile\iosFile.vcxproj", "{7A2F2BA6-7D3B-4A3E-8F7A-EFA195A83457}"
EndProject
Project("{8BC9CEB8-8B4A-11D0-8D11-00A0C91BC942}") = "ioFileWithPath", "ioFileWithPath\ioFileWithPath.vcxproj", "{B4F20DAD-223E-4511-9AE9-5D33E941161B}"
EndProject
Global
	GlobalSection(SolutionConfigurationPlatforms) = preSolution
		Debug|x64 = Debug|x64
		Debug|x86 = Debug|x86
		Release|x64 = Release|x64
		Release|x86 = Release|x86
	EndGlobalSection
	GlobalSection(ProjectConfigurationPlatforms) = postSolution
		{7A2F2BA6-7D3B-4A3E-8F7A-EFA195A83457}.Debug|x64.ActiveCfg = Debug|x64
		{7A2F2BA6-7D3B-4A3E-8F7A-EFA195A83457}.Debug|x64.Build.0 = Debug|x64
		{7A2F2BA6-7D3B-4A3E-8F7A-EFA195A83457}.Debug|x86.ActiveCfg = Debug|Win32
		{7A2F2BA6-7D3B-4A3E-8F7A-EFA195A83457}.Debug|x86.Build.0 = Debug|Win32
		{7A2F2BA6-7D3B-4A3E-8F7A-EFA195A83457}.Release|x64.ActiveCfg = Release|x64
		{7A2F2BA6-7D3B-4A3E-8F7A-EFA195A83457}.Release|x64.Build.0 = Release|x64
		{7A2F2BA6-7D3B-4A3E-8F7A-EFA195A83457}.Release|x86.ActiveCfg = Release|Win32
		{7A2F2BA6-7D3B-4A3E-8F7A-EFA195A83457}.Release|x86.Build.0 = Release|Win32
		{B4F20DAD-223E-4511-9AE9-5D33E941161B}.Debug|x64.ActiveCfg = Debug|x64
		{B4F20DAD-223E-4511-9AE9-5D33E941161B}.Debug|x64.Build.0 = Debug|x64
		{B4F20DAD-223E-4511-9AE9-5D33E941161B}.Debug|x86.ActiveCfg = Debug|Win32
		{B4F20DAD-223E-4511-9AE9-5D33E941161B}.Debug|x86.Build.0 = Debug|Win32
		{B4F20DAD-223E-4511-9AE9-5D33E941161B}.Release|x64.ActiveCfg = Release|x64
		{B4F20DAD-223E-4511-9AE9-5D33E941161B}.Release|x64.Build.0 = Release|x64
		{B4F20DAD-223E-4511-9AE9-5D33E941161B}.Release|x86.ActiveCfg = Release|Win32
		{B4F20DAD-223E-4511-9AE9-5D33E941161B}.Release|x86.Build.0 = Release|Win32
	EndGlobalSection
	GlobalSection(SolutionProperties) = preSolution
		HideSolutionNode = FALSE
	EndGlobalSection
	GlobalSection(ExtensibilityGlobals) = postSolution
		SolutionGuid = {9E8F2EF9-94B6-4484-8F2A-19C1DDE3D8CB}
	EndGlobalSection
EndGlobal
